
Microsoft Visual Studio Solution File, Format Version 12.00
# Visual Studio Version 17
VisualStudioVersion = 17.0.32014.148
MinimumVisualStudioVersion = 10.0.40219.1
Project("{9A19103F-16F7-4668-BE54-9A1E7A4F7556}") = "BusinessLayer", "BusinessLayer\BusinessLayer.csproj", "{5A36FE2A-CE31-4F68-BE7C-77ED96BAA038}"
EndProject
Project("{9A19103F-16F7-4668-BE54-9A1E7A4F7556}") = "DatabaseLayer", "DatabaseLayer\DatabaseLayer.csproj", "{6E29C325-6DB4-42C8-99BF-1774A219370F}"
EndProject
Project("{2150E333-8FDC-42A3-9474-1A3956D46DE8}") = "Solution Items", "Solution Items", "{3304C3D6-8C4A-4F4B-BC32-3EFC6A2C93AF}"
	ProjectSection(SolutionItems) = preProject
		.editorconfig = .editorconfig
	EndProjectSection
EndProject
Project("{FAE04EC0-301F-11D3-BF4B-00C04F79EFBC}") = "APILayer", "APILayer\APILayer.csproj", "{951C0B72-0567-4819-9FBA-3555FC204B6B}"
EndProject
Global
	GlobalSection(SolutionConfigurationPlatforms) = preSolution
		Debug|Any CPU = Debug|Any CPU
		Release|Any CPU = Release|Any CPU
	EndGlobalSection
	GlobalSection(ProjectConfigurationPlatforms) = postSolution
		{5A36FE2A-CE31-4F68-BE7C-77ED96BAA038}.Debug|Any CPU.ActiveCfg = Debug|Any CPU
		{5A36FE2A-CE31-4F68-BE7C-77ED96BAA038}.Debug|Any CPU.Build.0 = Debug|Any CPU
		{5A36FE2A-CE31-4F68-BE7C-77ED96BAA038}.Release|Any CPU.ActiveCfg = Release|Any CPU
		{5A36FE2A-CE31-4F68-BE7C-77ED96BAA038}.Release|Any CPU.Build.0 = Release|Any CPU
		{6E29C325-6DB4-42C8-99BF-1774A219370F}.Debug|Any CPU.ActiveCfg = Debug|Any CPU
		{6E29C325-6DB4-42C8-99BF-1774A219370F}.Debug|Any CPU.Build.0 = Debug|Any CPU
		{6E29C325-6DB4-42C8-99BF-1774A219370F}.Release|Any CPU.ActiveCfg = Release|Any CPU
		{6E29C325-6DB4-42C8-99BF-1774A219370F}.Release|Any CPU.Build.0 = Release|Any CPU
		{951C0B72-0567-4819-9FBA-3555FC204B6B}.Debug|Any CPU.ActiveCfg = Debug|Any CPU
		{951C0B72-0567-4819-9FBA-3555FC204B6B}.Debug|Any CPU.Build.0 = Debug|Any CPU
		{951C0B72-0567-4819-9FBA-3555FC204B6B}.Release|Any CPU.ActiveCfg = Release|Any CPU
		{951C0B72-0567-4819-9FBA-3555FC204B6B}.Release|Any CPU.Build.0 = Release|Any CPU
	EndGlobalSection
	GlobalSection(SolutionProperties) = preSolution
		HideSolutionNode = FALSE
	EndGlobalSection
	GlobalSection(ExtensibilityGlobals) = postSolution
		SolutionGuid = {3F760853-A458-488A-B339-93211726F0AB}
	EndGlobalSection
EndGlobal
